# sqlx checksums (SHA-384 of the whole file) of every merged migration.
# Enforced by tests/migration_checksums.rs. Append a line for each new migration when it merges; never change an existing line.
20260510023522_initial.sql b400191290b7ddce6a2626f8586a29170d1c06f557a37eaf6e131800f54100fcd2ab157977d57af8734aa9b26e02c4b4
20260706004003_reference_data.sql 95e393e2064067fa10496b1e87614f3eb59ec2518da097ff436848c319f58ad1f5c2c3cf5f463a577339bb9d8a511847
20260709100000_custom_lines.sql 42ee424fcfbba3a1a255234b28d31f78dd0b29a738a6ccc74f0b0bf58bfe9b4c49218ff14c7b6d4c1e1ea223849c6fe6
20260710090000_preferences.sql cf4315b6b7e2d3c09bd9b7d65d4ec96a929022b56190e93fa2cf7a63a67be72a8be6a492b62697b963b9f3ca7a9b3afb
20260716180000_incident_first_seen.sql af7682cb51228b3ccd18b2e73fa85a8a943f5f65209f0ec46d984bdce3d0b4150ea629307fa8d88e8197f634f38b29c8
20260820120000_incident_extraction.sql a2053e12bae14ed3feed2be150389f95c237c1c4b769070c06b086225314758324a477fface4d53278470d90b15ab8d4
20260821090000_incident_severity_escalation.sql da1b1b6ba60554b73befe50a65bfdf34099eec92bbd61053eb8b65371d2b446acab0c52a2bf14197ac89a72758a6c7c9
20260822090000_incident_extraction_periods.sql 854e77f3f3e6dda62b4fc7bf096bf20b1aa9993ed036be4b4c6daf94413d29816d8ed5c9ad8410e99676be88869c5b1c
20260822120000_line_status_source.sql 2dd415f94895007234752a8c5c3aad166fcad54dfe1153109c7a9e9f1fd3c7ca2f35b4752be600aa345f8d2e820f1221
20260828090000_user_accounts.sql ac2630c5d02caeb7ec7b19b971ed94abcef1292a43273bbfa760d01819221c953437e7e7d05824fac0d23d6c50e03cc4
20260828100000_add_ownership.sql 5dcdfa78d83e540530f0584f67bc7632b1850924909c016c18d2154a117b99274cd5511054529dbaa35b32f0f0c8f865
20260828120000_train_tracking.sql 7b431b98014214b28c2e2a6dd7ff81311197d4ee91f87a25fbbd7ce40d08f29f12c0f0607478c8af3a7c8069125548a4
20260829090000_journey_ticket_tracking.sql 445ef83e22d0277425c54062a2d4474b2e49cac91a2d4d76b55aa1d15d1a5acbbbe8c73a3b4fd82d7d91b598342f7a07
20260831090000_login_state_return_to.sql 2c2f42446c7d7cfc78e7aaed17729cd2a9dde3a623ba8560a7d3590f29d6f0be41aefc2aa207cb6a6adbb2db644ac3e9
20260831090001_line_status_daily_stats.sql 85382b2c5e43d5fe7df81e35e2e9f4e9a4abb07948032b4e9a6f95ce94572cf74c4f286457853e9b0a78d35d84d2f116
20260901120000_custom_lines_owner_not_null.sql 4b370de8e1745de9b65892fcc780699912399fd77828c40ce43d38f204666a362a8fbed4f9584c6e063d9507a199cd07
20260901130000_schedule_feed_ingests.sql 47ba0d151aaf3cde9379497f66882a5e2eb42a5b41d00d669ec3306e6a84ef48f027752f35eadfdaeaa4c6f0bec4d64c
20260901140000_standalone_tickets.sql a1b57979c725ed5cf226b16630796fe2980f0737a7682d8b3e7d6639e13387597f16c9cbc4d085636fa61f8a99432211
20260901150000_stanox_crs.sql aee09c000cac826f4b40457e5f9045b3edcbebafe874567a5216da99e745d34daedbee3b462ae1cb817c3f96eb7f8724
20260902090000_line_status_hourly_stats.sql 05df2744a1c897c33660294d5651df5eb0f2cfa0040929ec02fe47f77fab420ccc4ee325a01a52dbdb5ad92402df67e6
20260902100000_notifications.sql a51689a877ff9c1924108358c06c475470e6ddd49850a3251d512231032be40280a5d9ecdc54f8ed34c38ad4e0295d34
20260902110000_chatbot_allowed_users.sql 7b80babdfd993abc0b1639c7a2398d9b2a580e5adc5a271f2e0e76906eaf1dc3055ecaac42dd94c92baebd68bf48c5ad
20260902160000_user_access_groups.sql 27f1ce5578dd39a46855b677b06608b480c2f284701034a8eec5fe04491b1a062f3f356d382435d9f880b5a1f5b486f2
20260902170000_line_status_hourly_stats_to_half_hourly.sql 15b63fda097f6436e6cb45d02bcacc9999abfcc493c2bf0e1ea471e4ce65c1f0de732478d35ef9afe787f43b7fff1e73
20260903090000_schedule_feed_ingests_delivered_at.sql bd96efbae89f6431f31fb1795a249e761a472bcb100e2a7970784bcb4de0694c1fbf8522f11318607a9addf01379c7c9
20260903200000_line_status_daily_coverage_stats.sql 9dd678fe181104b5bfceae1439d463bddcf54ea6c07d06d398768069228c7f3e2031efa20103d981012693f7f3108fca
20260903200001_line_status_half_hourly_coverage_stats.sql 4328336faa4339ced32ab9a7b2d37b3baec15db1a6a3d2cfd54b1fe6c216352f07fe96e33323814e6e6c178de299354c
20260904070000_station_full_coverage_samples.sql f8fbb89c05fedf2275a11880dae2965ecfbc7de5e4528b0a54f1eeca7ce7ad0079c278b9c06e51d8afe9a0f7537e6204
20260904090000_schedule_line_population.sql bfb2ae78157e3645a7b866489ca5b6c5397c488a803115717d2e96c43885b32346ccd14b66b535570166ad182a978b52
20260904100000_full_coverage_line_stats.sql 2a61f28862c91de18bd5ff1d3cfae89a0e65167cef28c253f9c64f1e8559a71cbc5624d2d02b312b6f421b365ad1e4e3
20260904110000_schedule_network_departures.sql de3adc74de047d52dba809b200cc0b993ccb2b5345ac32a5ac4721c46d6c35a57b0578f4286c24154e7ac4916122c157
20260905120000_island_of_ireland_reference.sql d2bb0b7ef647bf9e3e8d8242faa172fa95491d3dd0190f0039cd7c36f4516eea4d5edf144bd234acca44768c75c558fc
20260905130000_custom_tracking_names.sql aa3a27074f9aad606f9aaa44b785ea3fc248581e3c25fba0bdae6c7df93b316a349df3f19aa5da0f90dbbc37a9f4b0bf
20260905140000_island_of_ireland_station_samples.sql 8b7310fef30f45f74fbf557cd8ebfa597ffbc52a672e7c00eec2e7ba55470c6ac6cf029622d0977cc9ef52b5bc9f4be4
20260905150000_schedule_matched_resolution.sql 4945f741be9d098cae97e6d512367818e0b97b69ed6db9c7b3c93efb1f86c3761b0e24ea84d3c44c05415fced04c317c
20260905160000_trust_event_backlog.sql fb1a79cf5557cd30856b57ae790cd74158c6eb5b6ca453d3230a6e831eb19ebc7f6e11be0e68a1fdc8ef7cb919d30f32
20260906090000_drop_chatbot_allowed_users.sql 55a6bf41d4e79ff8d5f101073be46190ee60d11ac262c0f1a8f27339720ea609ed6d8d25d1f36b694f675712e5ecb4c7
20260906100000_trains.sql 5d4c512994ac8494c2a368c526efc076281ba55f76a3b1a903570858a2da66def64e38e54106609eb206fde626dd61cc
20260906110000_train_movement_trains_id.sql 968719d24efe66cbb3ebea7d9b57bf67d2857313905ef880a6071892a0396eb2d8ef0c1e3c8c7b086a79e13f97459159
20260906111500_trust_event_backlog_train_uid_index.sql e5f7eb95e9bc3ff43a8501a855cde4d64450620ba526bc447a0856df2f19878f6ea78524f2bb6b0c1a81b1fadec3e3ca
20260906120000_train_movement_events_nullable_tracked_train_id.sql d485fb51779f660936c8fa56dca31e15d7e0f7801877ab7ef7957490f3ab45832d938c3f12c3675e005bbd11b731870e
20260906130000_nullable_pin_columns.sql acb7215411427ae5aa5f4d0233ca19043fdb0df581d56665f7623a443bb9171263ef44ea0511f5628c464154c663a85b
20260906140000_drop_legacy_columns.sql 762db55fc41ecfc335d2bd2b7b0b76548b1f05e29fb2dabb6d3f57d39894af2f909fb136fe540077082ef67be83115f7
20260907090000_notifier_forward_queue.sql 29a4b6b52d00ca5fe9bc16fc2fe090683c0d05ef6ec262cf4f5e509fabb2aa8bb2db064dab5d97cffe84b07aaf337bdf
20260907100000_rename_tracked_trains.sql 4c303aedce4c04e02bc15f69570d6e70edfe641c2b849f6b9575d6b223bef139777fb3525ef9a862a5b0f35c9e83b4ba
20260907110000_train_current_state_event_time.sql f6051868172d989cd0b6eb77d07091c675171308ecd0e0c08cf05c438a64ba8620d7f6c61575a42212c8ae88cbc5f1c4
20260907130000_schedule_destination_departures.sql 8c450d37a8017041e40dd4cf504ec12347944e4850ee542a11d9ed7e638b746de13266f339165d271c47572292b2cc90
20260908120000_schedule_destination_departures_calling_point_search.sql d5a03ce53ed7137cdb599f6abb6b07ff8b008d57cb780944ccd3e794f8f9fbde90852088ffb3b47790ea49b9310460f8
20260908130000_schedule_destination_departures_destination_arrival.sql ff8170995d37de8a39658cb55ff0bd436c83875135aaa68d27ed8c3eb85d1c05723147e2ee39df1607ba5646a9a043b2
20260908140000_schedule_destination_departures_train_uid_idx.sql 4ae1b071a10ba507dd3df883c6f4272d39a642ea67b4fb7d5c0c1b7e49f7fce024e6443a6ff90acd90800b4095dcc4aa
20260908150000_schedule_destination_departures_train_uid_idx.sql b5dc4aec7d082095e1bd108e18ebe06f140e092af02acd96831482243c259f82b23d301064e3a990bb97b4f712e79740
20260909160000_schedule_destination_departures_day_offset.sql 3a76b0389dc20bb7c9589c2a8dc02baa6b196e965275f870ec4fbb68e37798ccd25819de607bbbff53cc5120ae2888a2
20260910090000_schedule_destination_departures_destination_arrival_day_offset.sql 5b886eafdabc454d97a7ce03e158b825304c1296a32e06624d8f2f15e01358be96e9872ef4b7d07dcf3e05873b91cecc
20260910100000_schedule_destination_departures_calling_point_arrival.sql cd5d68aded810ea7647973c5d5a52e45e585cc264e6c3eb185e724043571012e320353bd8b4c9bf7ada3cafb8f85e470
20260911090000_shared_groups.sql 65f21810f014f5043b57452a0b87133a14e100bf054aeab0697738ab7e36cab7a5bd35ef4301886c7815dfc10b19cbfd
20260911161500_group_members_owner_cascade_hazard_comment.sql 69044207eee8fef5c45e7dcaa27253e84d1d94ad17cdbd8d606c79cb25cc52e00ef36eb90d31187720790453213f2dfd
20260912090000_incidents_first_seen_at_id.sql 0b0a6aa116740107363c422dec1379d7c81a631487bed08f7c972e5d4862b92fc130074deb6b3e51754d6db8913ed8a1
20260915090000_normalize_blank_user_names.sql fc19d3f4edebbe293daa76806bfff277e1c101da505c837b2697e21a476681527ff8626a2314011f8071eef3d54ef3ca
20260915093000_users_username.sql f9e2eb3180c1cef03018277cb1e9f17eaf5835a29a77cb7dfa206b65971c60c333294c428969c670587bdd6377a508d0
20260915100000_custom_line_group_grants.sql cb3422049bc84937ed651109337b64c6cf601d922f2b38f0fae12a2a4027e4d3dbece04ebd17d297de523d635e8760d5
20260917090000_incidents_affected_lines.sql bbccba84d7cf3c1d2551bdf90b7b8441535d9354adaa21733babaab53f8d59d3fac95d50d1d129f262f06b3f6cbf2f36
20260921070000_skipped_stations.sql 1ef31334fbbd33d9decaeb38719f96e846e5a445416dc7ad590d86de2d63f536af3f08f782f1dc1cb5553ed50cf54729
20260922070000_platform.sql fdde5399172750ce6fdae48c71393d7954c8c3c70c5b882103fde14a029ec040ae1a10782a58d9c9d2b689b38d5f95ec
20260922080000_pinned_operators.sql f8eb1a444c95a17c126ac008b6694dc827bbdd1cbac402225ddfb0f25643d2b775cfaaee325699ae16e2900496ab50af
20260922090000_journeys.sql f4c0b3f496e963e32dabdba44b5125b9d3fc58328e549a7dee1fb554cd66fed81d920a16e88e76f26baf73f1c148d5f3
20260922100000_journeys_historical_migration.sql 0ed9f6c63451bd6ad84452b5f51a5fbb2e6ae8936984aa5c5935477cfbe6ae6b4a92a70b47a03ffae958e24f33043366
20260922110000_group_journeys.sql 3a506765be866ba47fb2c10f3bf0654c2ad4ac7eca06036ae5f202102f70360851662ec28405f515652bc642740c1b58
20260922130000_journey_leg_notification_state.sql d6804357842dfcfa8033cef4caf8a926a4de051064af121164190683af5aa89019ef7185586c04ef9d7e1dc74372ca89
20260922140000_journey_templates.sql f42d2b67b638510e8df95e3d5483b2dabdc439234af50677dee98fc358940a58f3f14e287fc368a1128573b0c6d85aa5
20260922150000_journey_leg_notification_state_unmatched.sql ea3694ec48407c60aa3d115985eb0efa987dc4ff70cc25c62ecd256ff4dd1fe9f1dc39adfe5f1142cc98d7a3a62e7c7d
20260923090000_fixed_links_and_change_time.sql df45b2d3fea4f0e81d142b1dfe1ef67f8ee2a87101faa8e82ae56b4cb71c06fea0ee5d9d545e64416bb577baa0e2c54d
20260923100000_schedule_calling_points_full.sql b12a940b98258c39b74df5fbbb0e3d450ffdf76cd3211b3dbd02c9a8a79da7ed62fb338fa0168c369bb951311910bfca
20260923110000_unlisted_links.sql 0dddd0ad555e448481908857c2f4a838145a6feb86da7ee5abddf9115cc8449d44d820d8875b185e7d2afa72c10e3cc7
20260924120000_schedule_destination_departures_operator_atoc.sql ec6ed93f252e6e56ae62d80dcf3536227d541c002f3427d38fd22454f255dcfed93348bb7d65734ee4e72bdbd9a39aab
20260924130000_tiploc_crs.sql e4e0821e331f0921327ab2f84ba77d1f795beb9a098fd24ecbd0648901ca8a87f7f9e0020f51c3cf238b2b878cb4acbb
20260925090000_journey_legs_window_searched.sql caf31001e0fbc5761c6da53ca35523d47f3d871016fd1811cc9f48da5f30e181ff437f2cb5f6e468c31d221e31201496
20260925091000_unlisted_links_one_active_per_resource.sql 12a0f4e960ce88c06ff7be782072e767f89d73d56942699673a6cd33a34bb61f6832c51c2cac375384f72053b6d43e81
20260925130000_schedule_reference_publishes.sql 80f6067b3e2cabb786e9c62c19ca76ce6aaa5e05d5e396154e9c205276f0b51e42b6598c91534f10fc28f2534daa82db
20260925214500_journey_template_skipped_dates.sql 20d2f21bfef43bd0420a890902ddcee699307c3e11ec891143fba9ee43b18443a69489eb9c567faa21f79bf0ebdf5220
20260925215000_notifier_cursor_pending_watermark.sql 599b9ffc3850498b7c43d66fdfe8ea377f87a9db5d75c79b012957d73f761e056580b8204d3ef2fcf4dfaf73bcf613e9
20260925220000_sessions_expires_at_index.sql 60a38e11b9498986087438ff645ecd8539b1ce52a17d530c65fd3a74d2ccd99e1e2fd302ce5b0234ffa430ef5469528d
20260925221000_oidc_login_state_created_at_index.sql 8106ad2c572015891f3a0e7f5a2b96b80f9c0e025db39659baa5cee870d249c99acbf1d10990beec542f400b350e36d7
20260925221500_close_out_trains_train_id_service_date_collisions.sql eb68d9f92c542feeeeeaa13134f93c256484c5f113e4d03e129afced14fd533aa96018c8705ddd717e173a24e64500c1
20260925222000_trains_train_id_service_date_unique.sql 2909f278ef59d03fedd0384fac8813e5c1aaf879fa6d457031b896229534255281e78e1cf9299a359a1cd374649fb396
20260925230000_ticket_current_departure_date.sql 1b352a025a9d61c6467e8b208f085c4c5cbebb851bc10f6b57a0a3c49512b3d8ef3d85087874146b667328b8cdbb7dfd
20260926120000_line_status_history_line_id_id_index.sql 25630057df9451d4d2ecdde3a0e5f406326ccce13a2e53f2b86696bb03317efabc2d9b1d4a7c2849db50c42c5ddf9be7
20260926130000_users_sessions_invalidated_at.sql 1c05ad1fa90ac6ee40dfd038fb4d50636c2eeb76af899ea7769b7aaecb07bedea8e83bb71882f51fc33f43c8598225ce
20260926150000_hash_share_and_invite_tokens.sql 6ba8a1477fc9b203195d1fce7007de86a46d43185aee4ec1ca6ca19d782069d5d177fb8c2934df62bdead58083a8d5c5
20260926151000_journey_share_link_ttl.sql b6220169ad7d0a184fdf0bd5ec1317aab3e8574a3152a199f0ee80c163ab6d2a725e69f378a3bd3e83e4f316b33d2283
20260926170000_schedule_calling_points_full_platform.sql 1180c8b1e0a90b6c2b32324ed4fa71dba74e0e6299f66e696b4de8977b652b7a4530c6f82e5bbba16480b54919661754
20260926181000_autovacuum_tuning_big_batch_delete_tables.sql c34b24f999df51f4212c3c256a5fd077847a3070a6e61405b37e4f833973d5c0fa6bd07422823457b87bef367b133b6c
20260926182000_trust_event_backlog_upper_crs_time_index.sql bfbece325589246536b6eab680a94abcff5f9150dfde177b082cc224a3659646214beffe975e25ac6f78c4fd5b388eb5
20260926182100_drop_trust_event_backlog_crs_time_index.sql 611673dc4eaaa8350aa19aac44eb976730f29c28884d736ba6f14788671276535f549b4c2b7771e7f1786a17e5c0ed16
20260926183000_schedule_publish_keys.sql a4e955e56a1f8bf8f7ee7aaede7470cb20edad96293ce34d4a2640c4ef77a518b75648dfa33848fccc8cdc68fa96c827
20260926184000_schedule_destination_departures_headcode.sql 97d7a4fd6a60b67c73ee703d9c4d5c1f5e257c96a40d7d2dca8cf934695c62cf3c8e74a2115016635d7c862bf9a90324
20260926210000_trust_event_backlog_allow_reinstatement.sql d9390c98cdc25712f3cb0685b590718bba7d4ba94459f70fe395a33e176f4b6497ba9d7f6e4725a4fb4de462b7258d6c
20260926210100_trust_event_backlog_validate_msg_type_check.sql 81b8dc81e3754ee89be8d7adeb700ac2545b24344e4434435d4ef91656079f25c100e92225c7b9b296030a54b69ded31
20260926211000_schedule_destination_departures_rsid.sql 145f8338da8e1133cb3fd7f1d6ebda592fdb479950ad2315a2e32ee5ecb68161744e3bec32c38ba41b9343e42ff6d99f
20260926220000_schedule_destination_departures_publish_keys_index.sql ffce04af13592b355b3fa29ca18495a515beb48e9b1cbff82ee31d8b2dc0b24ac4a799f3ff4650dbb0a77d3a221307c4
20260926220100_schedule_calling_points_full_publish_keys_index.sql 75da43a6b6bf87dcb7e129eebb084fc538f5d6d2cfc9966f2f31ec3563c1e071e1c153f084f32d6b0cafb00bdba34245
20260927050000_full_coverage_line_stats_partial.sql b2ee8ed17b42d021a3b3248a8a930ec8bf75126859d1281169ce32a3d752cc83826ffeeb93a80f1492ea64fbcbbb5ac1
20260927050100_full_coverage_line_stats_line_date_key.sql 479a1571adebe94fec0369372759188f163ee9f46f72a3452efbdd77245c6212fd95c795232ab7eb68606c9e95736fb3
20260927050200_full_coverage_line_stats_line_date_pkey.sql 0be46b7383dbccd39d24813a0f31a1a4c6ea688e34e98cca6d5678ceb1053fbeb024be31ef3c306bc1f65606fef96a6c
20260927060000_users_fk_on_delete_actions.sql 74bca6d95590b156e12ca929fd6ccbbbc1e838dd3acf4d9ffa698cb01e7b7a56e45e6457dfc2a53b2d3b05f1c828afec
20260927060100_users_fk_on_delete_actions_validate.sql 31298575d18ac1ddd4c0e34a861aeb813907585620d9ff73b7173f520590cce578cf2d426177abea9499ec97f9191b1a
20260927070000_pg_stat_statements.sql 2b31376c464f466f14027ddbf81b52a0b239d150521edd5de57800101701dd684889cf1ffc1702520653905fa4ed7892
20260927080000_trust_event_backlog_received_at_index.sql 7296032d18bd48e509d37781549a0b2f8ca6d818ec2f9e3fc96837d54f0e5118a4daeaa8e885178412877757da0822ff
20260927080100_trains_service_date_index.sql c54675be9eaeefcc612231342ad8eeaf500c810f3e0fc2410e99ee708e768f7da9eb83ad8ca124b6aef6f3131973526b
20260927080200_line_status_history_computed_at_index.sql 45dc2a6bc1e20cd6d6e33a3120255d1cb821f480c8fc29759ac660131458a915d2a2b0397a13bcd183525f8859606366
20260927081000_drop_line_status_half_hourly_stats_line_half_hour.sql 19f92b5c7292d6226c72e9217a0f62fc59bb1fd68d875bb8fc45155b6a87ff3cf887dd0cd4ee0d029b7cec0cf0866b54
20260927081100_drop_line_status_daily_stats_line_day.sql d77208b2f2a30ddf4e94f29f7e3cecfb2ebe68321ccdab119cb0e0b6440ddf576434eb9961d851d8994db77d9f44a5b0
20260927081200_drop_line_status_daily_coverage_stats_line_day.sql 5d1f7783bb284a95c60eabcfaf28c1b2888470c5b232f0b40b1c4d2fb7096e39361c2132fa43a5ebdac3392e5575c3e6
20260927081300_drop_line_status_half_hourly_coverage_stats_line_half_hour.sql 8c16a8ba837d755923e2de578fe3ae98d97accfdf43cfeeb4e31a56d2810e2b8dd7842891cdc43787a1b7e3d1e6d7144
20260927082000_stanox_crs_crs_index.sql 4dedfd355f620ad80fc63e388bbd26a8b674ea835b59a92d411eb4c1bbb16bfee605e51d7ca449244befe90f90b44c20
20260927082100_stanox_crs_tiploc_index.sql 797678bb8433b6ecc219ce3adf1605a53db82abd3de365eb92894a61efd003e3cbc7749eb1d9cf7da63a4521e7a12835
20260927083000_ingest_freshness.sql 20dab5ee635e3f844672f04ad4f2b217fa1769bf71ba4ccd88b208248d86fd9176946ce167e1585ba622ade08dbf7e5f
20260927120000_full_coverage_line_window_stats.sql 2a422e09eea7f8409d24ead03fb4861a3c7e00fcd96651e7e55a87f40159add4081b87a461def063e452a6e167daaa25
20260927120100_full_coverage_line_stats_breakdown.sql ffd2d38d6ab7ff9e539fda37f82c53c8c1bed4f528226f4654b83af7fe97c7e0b6e27b36f692030890d1f48a96b6feab
20260927120200_full_coverage_window_verdicts.sql 0b8e7a29325331970091af40413253d5bdbdd790537523ebeffecb89f245bffea727570b83483ece1de7542dfdc1b90c
20260927140000_schedule_line_population_lz4_autovacuum.sql 834c0a9fc16778fe11b1495ea62a021199f93bca603d8ea10c5f32682bb5c658175ea0e3553f7ab7e5f135b71f08788a
20260927150000_journeys_user_id_created_at_index.sql 8a44777746603a169683bf46309dfcba36eb79101a9ea27611dd1bf76a5a2714e05fca13d61b8e4bdb46da1f0aa4d696
20260927230000_train_reasons.sql b3e31667e3e6078bd54dd1c8f7f5c97d6717b7eef89dc8bebdfcb2f653792bf03af63cb29e8e0468277e43a58761cb3f
20260928100000_corpus_locations.sql 281e58689f306456cd2ebdab0240ef0d015dca378b216e1069de6ddecba9e8003b6fd7c705bb8f7e5147c32b0702c4d9
20260928163000_station_samples_tiplocs.sql 03ea881fdfb7463b2a9935ab0e2da7f948b42be1e6ebbe403d41a167a1c0ab4268887e45921b104d4e5b83cf6ff1ddb3
20260928170000_corpus_crosswalk.sql 8b06f988e651a226b34d62e6faf8fa5026de02b24621261e1e7b03e3a20e34a957ee2dbffe67237dd4d85e476b046eb5
20260928180000_corpus_crosswalk_stations.sql ff20d80cd936a36c46b2ed44289a39bd3fef81bc9d8e1813400b983999b227901589918cdd56f27fe5e3b56b12fa12a2
20261001100000_normalize_custom_line_station_codes.sql 506df58d7ed2ffbdc1147062040c8c600519b5690ebd71f91541b9766bdaf75dc83795346893ddda1c4ba23c77a8a58d
20261001110000_subscription_unresolved_from.sql e6a9d11689338c2a4db916250ceb7f67d6bac373bb2e86c7ae8f60b79eab13aabc1b5df2f8c4b7a7244723ddcbb84cf9
20261001140000_analyze_publish_keys_function.sql aed0438084ab4f13dcfcf26c707577e913dd1cceaecb539af28456a9a4d3bdf2491f03afa012cce7c58371147623e494
20261001150000_schedule_feed_delivery_sha256.sql 1124f0266751870ce4dd5751bb10c4588c3e1246aa810e44ed9714e0277eaa3bbd775715557ba292ed1f8cf5c1ea51fe
20261001160000_schedule_calling_points_full_public_times_and_direction.sql ec3e53ec1bd7c00b78bfcdb258d63a1aab0543300af24d1c839c3d634d525f44b19bf9e8d498f44288a575c1a12830bc
20261001160100_schedule_destination_departures_public_times.sql 5675d1320c9e174439fc65fb58c2780e7aa71e80dd67fb27ef1486ea5825ba6596febe1a870173a3cfc876c01e5b5f84
20261001160200_train_movement_events_gbtt_timestamp.sql 91b0d914de13e7867b1a91615264faf2af568ce35f2880be18204b4d31176d2da800bca2bd1f8a07b064c045518636c6
20261001170000_schedule_destination_departures_direction.sql 0fb17d3e129c932b99bb04347a156b0de05f14fcf78b3e5bc3c4b6fd22fca3d3241385b514cd4bf756fbbcc96efe4e94
20261002110000_full_coverage_window_verdicts_basis.sql dbc31420225ba656205fa56bedba129b9b8c24e10eaa3bc3d699c35220d29d75f5a4fbb994d4d92cf623934bd7b92a99
20261002110100_full_coverage_line_window_stats_cancelled_in_advance.sql 7ecc62b0931e32336e9122af4f00fb41c340fdec7035b190aebdf9cc06d9ea2976204c77d5d7ca5284da74e92933b2e1
20261006120000_incidents_source_removed.sql a7570bac6d2e9dc3cdfc8cb73a94eae9d6d4e956617264c5c1edadd12a1b6855289cb920772025a7676c8f00ec3fe339
20261006130000_incidents_active_since.sql c94d592d013f498edc77a2db9d5dfe939c2445016e5c6966a0b179095c59ce4a7a6a871e1cbcd0d6a5351d1b30770dfe
20261006130100_incidents_active_since_backfill.sql 6d00cb2c97d8e96e3ac80c875d15f08a34f8fe3c02d5e0f2566eb166644ae560c3454b1717f0ccedac097e4a441b8a97
20261006130200_line_status_upcoming.sql 7cd0c938268a1a0ddc824a0532d6fb17b15cfcc5ebeaf76a98db507a87697cbf6db48498f2d2985b4cb62484257a2c57
20261006160000_schedule_services.sql 723c61fe9cc05eb03ef4d73e984cd4241aac645e4dbef03d061f6797a1b7ad42ec4216e159a48de3737974d0c9102fa6
20261007100000_tiploc_locations.sql ddb15461e1926ec28ca8d6eea3fac51175996b4567351deee35d8088493d5fa021c5156797dbbd7fdeca517244be775d
20261007210000_trust_event_backlog_gbtt_timestamp.sql be304b5eb68179acca5be24a0ea6c95b18b4afa8be90a3366c525c7f20678b83eb56a55bcf55f9d25bd1574c03a97927
20261008100000_line_train_summaries.sql 1fbf4016a8393d1d43fffc923da39cc301c522395c9fb5a6a9c66f55eaac550a4acc1bf92aa6b8226c64234dd5efb931
20261008154500_full_coverage_line_stats_source_updated_at.sql 18591c022e46f08a8ed9741fc77dc9fefe6e724c89a7b27fb0ebff4f971db49edb2b2f73a7c3562292266f937256b853
20261008154510_line_status_source_updated_at.sql f40e28c3f7e109707329e6fe4a96cbf0665b1401a1bb385d332e00889c9ee45c0eec4c10552dd5d16a6c44af326396e4
20261008220300_incident_feed_snapshot_times.sql a5410e4661916d3e3116b6d847493ebda20fd69b478ea72de0ae94da15d85444c6a09fcce7c500e9e735ab7c5dbf4f1c
20261009033300_ingest_dedup.sql 69647a91db4d583c785e07954050925a9c98b3fa52b66d3d4fbc061498e4f724fba2f2f06a08cb0fb9b27392d841511e
20261009033400_ingest_dedup_applied_at_index.sql 9b9840bc853f02f99b9e168f4fbc42f39e1ab1142cc84976a824b47209e2ce83ed3ef3fd53c1870367ab3b7d36b01970
